
Microsoft Visual Studio Solution File, Format Version 12.00
# Visual Studio Version 17
VisualStudioVersion = 17.14.36301.6 d17.14
MinimumVisualStudioVersion = 10.0.40219.1
Project("{FAE04EC0-301F-11D3-BF4B-00C04F79EFBC}") = "RecipeVault", "RecipeVault.csproj", "{ABF819AD-2A54-45F8-9811-6D3FCF1EB500}"
EndProject
Global
	GlobalSection(SolutionConfigurationPlatforms) = preSolution
		Debug|Any CPU = Debug|Any CPU
		Release|Any CPU = Release|Any CPU
	EndGlobalSection
	GlobalSection(ProjectConfigurationPlatforms) = postSolution
		{ABF819AD-2A54-45F8-9811-6D3FCF1EB500}.Debug|Any CPU.ActiveCfg = Debug|Any CPU
		{ABF819AD-2A54-45F8-9811-6D3FCF1EB500}.Debug|Any CPU.Build.0 = Debug|Any CPU
		{ABF819AD-2A54-45F8-9811-6D3FCF1EB500}.Release|Any CPU.ActiveCfg = Release|Any CPU
		{ABF819AD-2A54-45F8-9811-6D3FCF1EB500}.Release|Any CPU.Build.0 = Release|Any CPU
	EndGlobalSection
	GlobalSection(SolutionProperties) = preSolution
		HideSolutionNode = FALSE
	EndGlobalSection
	GlobalSection(ExtensibilityGlobals) = postSolution
		SolutionGuid = {D2F4678F-4C7B-4FFE-A8B7-F5722B92E0A5}
	EndGlobalSection
EndGlobal
